{
  "name": "k6",
  "lockfileVersion": 2,
  "requires": true,
  "packages": {
    "": {
      "devDependencies": {
        "@types/k6": "^0.39.1"
      }
    },
    "node_modules/@types/k6": {
      "version": "0.39.1",
      "resolved": "https://registry.npmjs.org/@types/k6/-/k6-0.39.1.tgz",
      "integrity": "sha512-hgqiGHQEK0JqyJ7u8s3mZhvHIQG3nNIAowGhSSzc7acusdAQHgRoVb5y/pP+Sstb68gw+3ubjOq21lqpnZ6cww==",
      "dev": true
    }
  },
  "dependencies": {
    "@types/k6": {
      "version": "0.39.1",
      "resolved": "https://registry.npmjs.org/@types/k6/-/k6-0.39.1.tgz",
      "integrity": "sha512-hgqiGHQEK0JqyJ7u8s3mZhvHIQG3nNIAowGhSSzc7acusdAQHgRoVb5y/pP+Sstb68gw+3ubjOq21lqpnZ6cww==",
      "dev": true
    }
  }
}
